// !$*UTF8*$!
{
	archiveVersion = 1;
	classes = {
	};
	objectVersion = 50;
	objects = {

/* Begin PBXBuildFile section */
		1CD8916E5491FC825CC3DDE1 /* Pods_kizou.framework in Frameworks */ = {isa = PBXBuildFile; fileRef = 7277C877A051B12CF6F6CB2E /* Pods_kizou.framework */; };
		37CE82D0DFBBC8453EEDF781 /* Pods_kizouTests.framework in Frameworks */ = {isa = PBXBuildFile; fileRef = 8B49E414A41924692457E8C1 /* Pods_kizouTests.framework */; };
		520DA5C522153C7600610E63 /* ViewController2.swift in Sources */ = {isa = PBXBuildFile; fileRef = 520DA5C322153C7600610E63 /* ViewController2.swift */; };
		520DA5C622153C7600610E63 /* ViewController2.xib in Resources */ = {isa = PBXBuildFile; fileRef = 520DA5C422153C7600610E63 /* ViewController2.xib */; };
		520DA5CD2217F96500610E63 /* SearchViewController.swift in Sources */ = {isa = PBXBuildFile; fileRef = 520DA5CB2217F96500610E63 /* SearchViewController.swift */; };
		520DA5CE2217F96500610E63 /* SearchViewController.xib in Resources */ = {isa = PBXBuildFile; fileRef = 520DA5CC2217F96500610E63 /* SearchViewController.xib */; };
		520DA5D52218366900610E63 /* HomeViewController.swift in Sources */ = {isa = PBXBuildFile; fileRef = 520DA5D32218366900610E63 /* HomeViewController.swift */; };
		520DA5D62218366900610E63 /* HomeViewController.xib in Resources */ = {isa = PBXBuildFile; fileRef = 520DA5D42218366900610E63 /* HomeViewController.xib */; };
		520DA5DC221BED4500610E63 /* GoogleService-Info.plist in Resources */ = {isa = PBXBuildFile; fileRef = 520DA5DB221BED4500610E63 /* GoogleService-Info.plist */; };
		520DA5DF221EEC8300610E63 /* ExplainViewController.swift in Sources */ = {isa = PBXBuildFile; fileRef = 520DA5DD221EEC8300610E63 /* ExplainViewController.swift */; };
		520DA5E0221EEC8300610E63 /* ExplainViewController.xib in Resources */ = {isa = PBXBuildFile; fileRef = 520DA5DE221EEC8300610E63 /* ExplainViewController.xib */; };
		5277153E21F04E9800B50EDE /* AppDelegate.swift in Sources */ = {isa = PBXBuildFile; fileRef = 5277153D21F04E9800B50EDE /* AppDelegate.swift */; };
		5277154021F04E9800B50EDE /* MainTabBarController.swift in Sources */ = {isa = PBXBuildFile; fileRef = 5277153F21F04E9800B50EDE /* MainTabBarController.swift */; };
		5277154321F04E9800B50EDE /* Main.storyboard in Resources */ = {isa = PBXBuildFile; fileRef = 5277154121F04E9800B50EDE /* Main.storyboard */; };
		5277154521F04E9A00B50EDE /* Assets.xcassets in Resources */ = {isa = PBXBuildFile; fileRef = 5277154421F04E9A00B50EDE /* Assets.xcassets */; };
		5277154821F04E9A00B50EDE /* LaunchScreen.storyboard in Resources */ = {isa = PBXBuildFile; fileRef = 5277154621F04E9A00B50EDE /* LaunchScreen.storyboard */; };
		5277155321F04E9A00B50EDE /* kizouTests.swift in Sources */ = {isa = PBXBuildFile; fileRef = 5277155221F04E9A00B50EDE /* kizouTests.swift */; };
		5277155E21F04E9B00B50EDE /* kizouUITests.swift in Sources */ = {isa = PBXBuildFile; fileRef = 5277155D21F04E9B00B50EDE /* kizouUITests.swift */; };
		86B1E5AACB7C699F5F018261 /* Pods_kizouUITests.framework in Frameworks */ = {isa = PBXBuildFile; fileRef = 7C3AC4CA657DCACC23347F86 /* Pods_kizouUITests.framework */; };
/* End PBXBuildFile section */

/* Begin PBXContainerItemProxy section */
		5277154F21F04E9A00B50EDE /* PBXContainerItemProxy */ = {
			isa = PBXContainerItemProxy;
			containerPortal = 5277153221F04E9800B50EDE /* Project object */;
			proxyType = 1;
			remoteGlobalIDString = 5277153921F04E9800B50EDE;
			remoteInfo = kizou;
		};
		5277155A21F04E9A00B50EDE /* PBXContainerItemProxy */ = {
			isa = PBXContainerItemProxy;
			containerPortal = 5277153221F04E9800B50EDE /* Project object */;
			proxyType = 1;
			remoteGlobalIDString = 5277153921F04E9800B50EDE;
			remoteInfo = kizou;
		};
/* End PBXContainerItemProxy section */

/* Begin PBXFileReference section */
		24DED96393B9A6818560C22E /* Pods-kizouUITests.debug.xcconfig */ = {isa = PBXFileReference; includeInIndex = 1; lastKnownFileType = text.xcconfig; name = "Pods-kizouUITests.debug.xcconfig"; path = "Pods/Target Support Files/Pods-kizouUITests/Pods-kizouUITests.debug.xcconfig"; sourceTree = "<group>"; };
		4AA86C110BD8EEFC72BD2FB6 /* Pods-kizouUITests.release.xcconfig */ = {isa = PBXFileReference; includeInIndex = 1; lastKnownFileType = text.xcconfig; name = "Pods-kizouUITests.release.xcconfig"; path = "Pods/Target Support Files/Pods-kizouUITests/Pods-kizouUITests.release.xcconfig"; sourceTree = "<group>"; };
		520DA5C322153C7600610E63 /* ViewController2.swift */ = {isa = PBXFileReference; lastKnownFileType = sourcecode.swift; path = ViewController2.swift; sourceTree = "<group>"; };
		520DA5C422153C7600610E63 /* ViewController2.xib */ = {isa = PBXFileReference; lastKnownFileType = file.xib; path = ViewController2.xib; sourceTree = "<group>"; };
		520DA5CB2217F96500610E63 /* SearchViewController.swift */ = {isa = PBXFileReference; lastKnownFileType = sourcecode.swift; path = SearchViewController.swift; sourceTree = "<group>"; };
		520DA5CC2217F96500610E63 /* SearchViewController.xib */ = {isa = PBXFileReference; lastKnownFileType = file.xib; path = SearchViewController.xib; sourceTree = "<group>"; };
		520DA5D32218366900610E63 /* HomeViewController.swift */ = {isa = PBXFileReference; lastKnownFileType = sourcecode.swift; path = HomeViewController.swift; sourceTree = "<group>"; };
		520DA5D42218366900610E63 /* HomeViewController.xib */ = {isa = PBXFileReference; lastKnownFileType = file.xib; path = HomeViewController.xib; sourceTree = "<group>"; };
		520DA5DB221BED4500610E63 /* GoogleService-Info.plist */ = {isa = PBXFileReference; fileEncoding = 4; lastKnownFileType = text.plist.xml; path = "GoogleService-Info.plist"; sourceTree = "<group>"; };
		520DA5DD221EEC8300610E63 /* ExplainViewController.swift */ = {isa = PBXFileReference; lastKnownFileType = sourcecode.swift; path = ExplainViewController.swift; sourceTree = "<group>"; };
		520DA5DE221EEC8300610E63 /* ExplainViewController.xib */ = {isa = PBXFileReference; lastKnownFileType = file.xib; path = ExplainViewController.xib; sourceTree = "<group>"; };
		5277153A21F04E9800B50EDE /* kizou.app */ = {isa = PBXFileReference; explicitFileType = wrapper.application; includeInIndex = 0; path = kizou.app; sourceTree = BUILT_PRODUCTS_DIR; };
		5277153D21F04E9800B50EDE /* AppDelegate.swift */ = {isa = PBXFileReference; lastKnownFileType = sourcecode.swift; path = AppDelegate.swift; sourceTree = "<group>"; };
		5277153F21F04E9800B50EDE /* MainTabBarController.swift */ = {isa = PBXFileReference; lastKnownFileType = sourcecode.swift; path = MainTabBarController.swift; sourceTree = "<group>"; };
		5277154221F04E9800B50EDE /* Base */ = {isa = PBXFileReference; lastKnownFileType = file.storyboard; name = Base; path = Base.lproj/Main.storyboard; sourceTree = "<group>"; };
		5277154421F04E9A00B50EDE /* Assets.xcassets */ = {isa = PBXFileReference; lastKnownFileType = folder.assetcatalog; path = Assets.xcassets; sourceTree = "<group>"; };
		5277154721F04E9A00B50EDE /* Base */ = {isa = PBXFileReference; lastKnownFileType = file.storyboard; name = Base; path = Base.lproj/LaunchScreen.storyboard; sourceTree = "<group>"; };
		5277154921F04E9A00B50EDE /* Info.plist */ = {isa = PBXFileReference; lastKnownFileType = text.plist.xml; path = Info.plist; sourceTree = "<group>"; };
		5277154E21F04E9A00B50EDE /* kizouTests.xctest */ = {isa = PBXFileReference; explicitFileType = wrapper.cfbundle; includeInIndex = 0; path = kizouTests.xctest; sourceTree = BUILT_PRODUCTS_DIR; };
		5277155221F04E9A00B50EDE /* kizouTests.swift */ = {isa = PBXFileReference; lastKnownFileType = sourcecode.swift; path = kizouTests.swift; sourceTree = "<group>"; };
		5277155421F04E9A00B50EDE /* Info.plist */ = {isa = PBXFileReference; lastKnownFileType = text.plist.xml; path = Info.plist; sourceTree = "<group>"; };
		5277155921F04E9A00B50EDE /* kizouUITests.xctest */ = {isa = PBXFileReference; explicitFileType = wrapper.cfbundle; includeInIndex = 0; path = kizouUITests.xctest; sourceTree = BUILT_PRODUCTS_DIR; };
		5277155D21F04E9B00B50EDE /* kizouUITests.swift */ = {isa = PBXFileReference; lastKnownFileType = sourcecode.swift; path = kizouUITests.swift; sourceTree = "<group>"; };
		5277155F21F04E9B00B50EDE /* Info.plist */ = {isa = PBXFileReference; lastKnownFileType = text.plist.xml; path = Info.plist; sourceTree = "<group>"; };
		6BE6B2FFC65E4911D59254FA /* Pods-kizou.release.xcconfig */ = {isa = PBXFileReference; includeInIndex = 1; lastKnownFileType = text.xcconfig; name = "Pods-kizou.release.xcconfig"; path = "Pods/Target Support Files/Pods-kizou/Pods-kizou.release.xcconfig"; sourceTree = "<group>"; };
		7277C877A051B12CF6F6CB2E /* Pods_kizou.framework */ = {isa = PBXFileReference; explicitFileType = wrapper.framework; includeInIndex = 0; path = Pods_kizou.framework; sourceTree = BUILT_PRODUCTS_DIR; };
		7C3AC4CA657DCACC23347F86 /* Pods_kizouUITests.framework */ = {isa = PBXFileReference; explicitFileType = wrapper.framework; includeInIndex = 0; path = Pods_kizouUITests.framework; sourceTree = BUILT_PRODUCTS_DIR; };
		8B49E414A41924692457E8C1 /* Pods_kizouTests.framework */ = {isa = PBXFileReference; explicitFileType = wrapper.framework; includeInIndex = 0; path = Pods_kizouTests.framework; sourceTree = BUILT_PRODUCTS_DIR; };
		AC217F56D6ADFE5DBB95BF25 /* Pods-kizou.debug.xcconfig */ = {isa = PBXFileReference; includeInIndex = 1; lastKnownFileType = text.xcconfig; name = "Pods-kizou.debug.xcconfig"; path = "Pods/Target Support Files/Pods-kizou/Pods-kizou.debug.xcconfig"; sourceTree = "<group>"; };
		CF2A409346933F1B7CF6A5EC /* Pods-kizouTests.release.xcconfig */ = {isa = PBXFileReference; includeInIndex = 1; lastKnownFileType = text.xcconfig; name = "Pods-kizouTests.release.xcconfig"; path = "Pods/Target Support Files/Pods-kizouTests/Pods-kizouTests.release.xcconfig"; sourceTree = "<group>"; };
		E2235C88E772A3A4EB7D2BA3 /* Pods-kizouTests.debug.xcconfig */ = {isa = PBXFileReference; includeInIndex = 1; lastKnownFileType = text.xcconfig; name = "Pods-kizouTests.debug.xcconfig"; path = "Pods/Target Support Files/Pods-kizouTests/Pods-kizouTests.debug.xcconfig"; sourceTree = "<group>"; };
/* End PBXFileReference section */

/* Begin PBXFrameworksBuildPhase section */
		5277153721F04E9800B50EDE /* Frameworks */ = {
			isa = PBXFrameworksBuildPhase;
			buildActionMask = 2147483647;
			files = (
				1CD8916E5491FC825CC3DDE1 /* Pods_kizou.framework in Frameworks */,
			);
			runOnlyForDeploymentPostprocessing = 0;
		};
		5277154B21F04E9A00B50EDE /* Frameworks */ = {
			isa = PBXFrameworksBuildPhase;
			buildActionMask = 2147483647;
			files = (
				37CE82D0DFBBC8453EEDF781 /* Pods_kizouTests.framework in Frameworks */,
			);
			runOnlyForDeploymentPostprocessing = 0;
		};
		5277155621F04E9A00B50EDE /* Frameworks */ = {
			isa = PBXFrameworksBuildPhase;
			buildActionMask = 2147483647;
			files = (
				86B1E5AACB7C699F5F018261 /* Pods_kizouUITests.framework in Frameworks */,
			);
			runOnlyForDeploymentPostprocessing = 0;
		};
/* End PBXFrameworksBuildPhase section */

/* Begin PBXGroup section */
		520DA5D722192D6100610E63 /* ViewController */ = {
			isa = PBXGroup;
			children = (
				520DA5D32218366900610E63 /* HomeViewController.swift */,
				520DA5CB2217F96500610E63 /* SearchViewController.swift */,
				520DA5C322153C7600610E63 /* ViewController2.swift */,
				520DA5DD221EEC8300610E63 /* ExplainViewController.swift */,
			);
			path = ViewController;
			sourceTree = "<group>";
		};
		520DA5D822192D9B00610E63 /* xib */ = {
			isa = PBXGroup;
			children = (
				520DA5D42218366900610E63 /* HomeViewController.xib */,
				520DA5CC2217F96500610E63 /* SearchViewController.xib */,
				520DA5C422153C7600610E63 /* ViewController2.xib */,
				520DA5DE221EEC8300610E63 /* ExplainViewController.xib */,
			);
			path = xib;
			sourceTree = "<group>";
		};
		5277153121F04E9800B50EDE = {
			isa = PBXGroup;
			children = (
				5277153C21F04E9800B50EDE /* kizou */,
				5277155121F04E9A00B50EDE /* kizouTests */,
				5277155C21F04E9A00B50EDE /* kizouUITests */,
				5277153B21F04E9800B50EDE /* Products */,
				A93C10EDC9FB60FBDA0F77D3 /* Pods */,
				BABBD250487AF59E9E254BEE /* Frameworks */,
			);
			sourceTree = "<group>";
		};
		5277153B21F04E9800B50EDE /* Products */ = {
			isa = PBXGroup;
			children = (
				5277153A21F04E9800B50EDE /* kizou.app */,
				5277154E21F04E9A00B50EDE /* kizouTests.xctest */,
				5277155921F04E9A00B50EDE /* kizouUITests.xctest */,
			);
			name = Products;
			sourceTree = "<group>";
		};
		5277153C21F04E9800B50EDE /* kizou */ = {
			isa = PBXGroup;
			children = (
				5277153D21F04E9800B50EDE /* AppDelegate.swift */,
				5277153F21F04E9800B50EDE /* MainTabBarController.swift */,
				520DA5D722192D6100610E63 /* ViewController */,
				520DA5D822192D9B00610E63 /* xib */,
				5277154121F04E9800B50EDE /* Main.storyboard */,
				5277154421F04E9A00B50EDE /* Assets.xcassets */,
				5277154621F04E9A00B50EDE /* LaunchScreen.storyboard */,
				5277154921F04E9A00B50EDE /* Info.plist */,
				520DA5DB221BED4500610E63 /* GoogleService-Info.plist */,
			);
			path = kizou;
			sourceTree = "<group>";
		};
		5277155121F04E9A00B50EDE /* kizouTests */ = {
			isa = PBXGroup;
			children = (
				5277155221F04E9A00B50EDE /* kizouTests.swift */,
				5277155421F04E9A00B50EDE /* Info.plist */,
			);
			path = kizouTests;
			sourceTree = "<group>";
		};
		5277155C21F04E9A00B50EDE /* kizouUITests */ = {
			isa = PBXGroup;
			children = (
				5277155D21F04E9B00B50EDE /* kizouUITests.swift */,
				5277155F21F04E9B00B50EDE /* Info.plist */,
			);
			path = kizouUITests;
			sourceTree = "<group>";
		};
		A93C10EDC9FB60FBDA0F77D3 /* Pods */ = {
			isa = PBXGroup;
			children = (
				AC217F56D6ADFE5DBB95BF25 /* Pods-kizou.debug.xcconfig */,
				6BE6B2FFC65E4911D59254FA /* Pods-kizou.release.xcconfig */,
				E2235C88E772A3A4EB7D2BA3 /* Pods-kizouTests.debug.xcconfig */,
				CF2A409346933F1B7CF6A5EC /* Pods-kizouTests.release.xcconfig */,
				24DED96393B9A6818560C22E /* Pods-kizouUITests.debug.xcconfig */,
				4AA86C110BD8EEFC72BD2FB6 /* Pods-kizouUITests.release.xcconfig */,
			);
			name = Pods;
			sourceTree = "<group>";
		};
		BABBD250487AF59E9E254BEE /* Frameworks */ = {
			isa = PBXGroup;
			children = (
				7277C877A051B12CF6F6CB2E /* Pods_kizou.framework */,
				8B49E414A41924692457E8C1 /* Pods_kizouTests.framework */,
				7C3AC4CA657DCACC23347F86 /* Pods_kizouUITests.framework */,
			);
			name = Frameworks;
			sourceTree = "<group>";
		};
/* End PBXGroup section */

/* Begin PBXNativeTarget section */
		5277153921F04E9800B50EDE /* kizou */ = {
			isa = PBXNativeTarget;
			buildConfigurationList = 5277156221F04E9B00B50EDE /* Build configuration list for PBXNativeTarget "kizou" */;
			buildPhases = (
				B448D693AEE1023A57F808A9 /* [CP] Check Pods Manifest.lock */,
				5277153621F04E9800B50EDE /* Sources */,
				5277153721F04E9800B50EDE /* Frameworks */,
				5277153821F04E9800B50EDE /* Resources */,
				FAC075C0637FA7A039FD9DF7 /* [CP] Embed Pods Frameworks */,
			);
			buildRules = (
			);
			dependencies = (
			);
			name = kizou;
			productName = kizou;
			productReference = 5277153A21F04E9800B50EDE /* kizou.app */;
			productType = "com.apple.product-type.application";
		};
		5277154D21F04E9A00B50EDE /* kizouTests */ = {
			isa = PBXNativeTarget;
			buildConfigurationList = 5277156521F04E9B00B50EDE /* Build configuration list for PBXNativeTarget "kizouTests" */;
			buildPhases = (
				EAF50B8D58A995FD8F356045 /* [CP] Check Pods Manifest.lock */,
				5277154A21F04E9A00B50EDE /* Sources */,
				5277154B21F04E9A00B50EDE /* Frameworks */,
				5277154C21F04E9A00B50EDE /* Resources */,
			);
			buildRules = (
			);
			dependencies = (
				5277155021F04E9A00B50EDE /* PBXTargetDependency */,
			);
			name = kizouTests;
			productName = kizouTests;
			productReference = 5277154E21F04E9A00B50EDE /* kizouTests.xctest */;
			productType = "com.apple.product-type.bundle.unit-test";
		};
		5277155821F04E9A00B50EDE /* kizouUITests */ = {
			isa = PBXNativeTarget;
			buildConfigurationList = 5277156821F04E9B00B50EDE /* Build configuration list for PBXNativeTarget "kizouUITests" */;
			buildPhases = (
				5E1AE0BF4FCD2ED3A9A62344 /* [CP] Check Pods Manifest.lock */,
				5277155521F04E9A00B50EDE /* Sources */,
				5277155621F04E9A00B50EDE /* Frameworks */,
				5277155721F04E9A00B50EDE /* Resources */,
			);
			buildRules = (
			);
			dependencies = (
				5277155B21F04E9A00B50EDE /* PBXTargetDependency */,
			);
			name = kizouUITests;
			productName = kizouUITests;
			productReference = 5277155921F04E9A00B50EDE /* kizouUITests.xctest */;
			productType = "com.apple.product-type.bundle.ui-testing";
		};
/* End PBXNativeTarget section */

/* Begin PBXProject section */
		5277153221F04E9800B50EDE /* Project object */ = {
			isa = PBXProject;
			attributes = {
				LastSwiftUpdateCheck = 1010;
				LastUpgradeCheck = 1010;
				ORGANIZATIONNAME = "中原雄太";
				TargetAttributes = {
					5277153921F04E9800B50EDE = {
						CreatedOnToolsVersion = 10.1;
					};
					5277154D21F04E9A00B50EDE = {
						CreatedOnToolsVersion = 10.1;
						TestTargetID = 5277153921F04E9800B50EDE;
					};
					5277155821F04E9A00B50EDE = {
						CreatedOnToolsVersion = 10.1;
						TestTargetID = 5277153921F04E9800B50EDE;
					};
				};
			};
			buildConfigurationList = 5277153521F04E9800B50EDE /* Build configuration list for PBXProject "kizou" */;
			compatibilityVersion = "Xcode 9.3";
			developmentRegion = en;
			hasScannedForEncodings = 0;
			knownRegions = (
				en,
				Base,
			);
			mainGroup = 5277153121F04E9800B50EDE;
			productRefGroup = 5277153B21F04E9800B50EDE /* Products */;
			projectDirPath = "";
			projectRoot = "";
			targets = (
				5277153921F04E9800B50EDE /* kizou */,
				5277154D21F04E9A00B50EDE /* kizouTests */,
				5277155821F04E9A00B50EDE /* kizouUITests */,
			);
		};
/* End PBXProject section */

/* Begin PBXResourcesBuildPhase section */
		5277153821F04E9800B50EDE /* Resources */ = {
			isa = PBXResourcesBuildPhase;
			buildActionMask = 2147483647;
			files = (
				5277154821F04E9A00B50EDE /* LaunchScreen.storyboard in Resources */,
				520DA5C622153C7600610E63 /* ViewController2.xib in Resources */,
				520DA5E0221EEC8300610E63 /* ExplainViewController.xib in Resources */,
				5277154521F04E9A00B50EDE /* Assets.xcassets in Resources */,
				520DA5CE2217F96500610E63 /* SearchViewController.xib in Resources */,
				5277154321F04E9800B50EDE /* Main.storyboard in Resources */,
				520DA5D62218366900610E63 /* HomeViewController.xib in Resources */,
				520DA5DC221BED4500610E63 /* GoogleService-Info.plist in Resources */,
			);
			runOnlyForDeploymentPostprocessing = 0;
		};
		5277154C21F04E9A00B50EDE /* Resources */ = {
			isa = PBXResourcesBuildPhase;
			buildActionMask = 2147483647;
			files = (
			);
			runOnlyForDeploymentPostprocessing = 0;
		};
		5277155721F04E9A00B50EDE /* Resources */ = {
			isa = PBXResourcesBuildPhase;
			buildActionMask = 2147483647;
			files = (
			);
			runOnlyForDeploymentPostprocessing = 0;
		};
/* End PBXResourcesBuildPhase section */

/* Begin PBXShellScriptBuildPhase section */
		5E1AE0BF4FCD2ED3A9A62344 /* [CP] Check Pods Manifest.lock */ = {
			isa = PBXShellScriptBuildPhase;
			buildActionMask = 2147483647;
			files = (
			);
			inputFileListPaths = (
			);
			inputPaths = (
				"${PODS_PODFILE_DIR_PATH}/Podfile.lock",
				"${PODS_ROOT}/Manifest.lock",
			);
			name = "[CP] Check Pods Manifest.lock";
			outputFileListPaths = (
			);
			outputPaths = (
				"$(DERIVED_FILE_DIR)/Pods-kizouUITests-checkManifestLockResult.txt",
			);
			runOnlyForDeploymentPostprocessing = 0;
			shellPath = /bin/sh;
			shellScript = "diff \"${PODS_PODFILE_DIR_PATH}/Podfile.lock\" \"${PODS_ROOT}/Manifest.lock\" > /dev/null\nif [ $? != 0 ] ; then\n    # print error to STDERR\n    echo \"error: The sandbox is not in sync with the Podfile.lock. Run 'pod install' or update your CocoaPods installation.\" >&2\n    exit 1\nfi\n# This output is used by Xcode 'outputs' to avoid re-running this script phase.\necho \"SUCCESS\" > \"${SCRIPT_OUTPUT_FILE_0}\"\n";
			showEnvVarsInLog = 0;
		};
		B448D693AEE1023A57F808A9 /* [CP] Check Pods Manifest.lock */ = {
			isa = PBXShellScriptBuildPhase;
			buildActionMask = 2147483647;
			files = (
			);
			inputFileListPaths = (
			);
			inputPaths = (
				"${PODS_PODFILE_DIR_PATH}/Podfile.lock",
				"${PODS_ROOT}/Manifest.lock",
			);
			name = "[CP] Check Pods Manifest.lock";
			outputFileListPaths = (
			);
			outputPaths = (
				"$(DERIVED_FILE_DIR)/Pods-kizou-checkManifestLockResult.txt",
			);
			runOnlyForDeploymentPostprocessing = 0;
			shellPath = /bin/sh;
			shellScript = "diff \"${PODS_PODFILE_DIR_PATH}/Podfile.lock\" \"${PODS_ROOT}/Manifest.lock\" > /dev/null\nif [ $? != 0 ] ; then\n    # print error to STDERR\n    echo \"error: The sandbox is not in sync with the Podfile.lock. Run 'pod install' or update your CocoaPods installation.\" >&2\n    exit 1\nfi\n# This output is used by Xcode 'outputs' to avoid re-running this script phase.\necho \"SUCCESS\" > \"${SCRIPT_OUTPUT_FILE_0}\"\n";
			showEnvVarsInLog = 0;
		};
		EAF50B8D58A995FD8F356045 /* [CP] Check Pods Manifest.lock */ = {
			isa = PBXShellScriptBuildPhase;
			buildActionMask = 2147483647;
			files = (
			);
			inputFileListPaths = (
			);
			inputPaths = (
				"${PODS_PODFILE_DIR_PATH}/Podfile.lock",
				"${PODS_ROOT}/Manifest.lock",
			);
			name = "[CP] Check Pods Manifest.lock";
			outputFileListPaths = (
			);
			outputPaths = (
				"$(DERIVED_FILE_DIR)/Pods-kizouTests-checkManifestLockResult.txt",
			);
			runOnlyForDeploymentPostprocessing = 0;
			shellPath = /bin/sh;
			shellScript = "diff \"${PODS_PODFILE_DIR_PATH}/Podfile.lock\" \"${PODS_ROOT}/Manifest.lock\" > /dev/null\nif [ $? != 0 ] ; then\n    # print error to STDERR\n    echo \"error: The sandbox is not in sync with the Podfile.lock. Run 'pod install' or update your CocoaPods installation.\" >&2\n    exit 1\nfi\n# This output is used by Xcode 'outputs' to avoid re-running this script phase.\necho \"SUCCESS\" > \"${SCRIPT_OUTPUT_FILE_0}\"\n";
			showEnvVarsInLog = 0;
		};
		FAC075C0637FA7A039FD9DF7 /* [CP] Embed Pods Frameworks */ = {
			isa = PBXShellScriptBuildPhase;
			buildActionMask = 2147483647;
			files = (
			);
			inputFileListPaths = (
			);
			inputPaths = (
				"${SRCROOT}/Pods/Target Support Files/Pods-kizou/Pods-kizou-frameworks.sh",
				"${BUILT_PRODUCTS_DIR}/GTMSessionFetcher/GTMSessionFetcher.framework",
				"${BUILT_PRODUCTS_DIR}/GoogleUtilities/GoogleUtilities.framework",
				"${BUILT_PRODUCTS_DIR}/SDWebImage/SDWebImage.framework",
				"${BUILT_PRODUCTS_DIR}/Stripe/Stripe.framework",
				"${BUILT_PRODUCTS_DIR}/leveldb-library/leveldb.framework",
				"${BUILT_PRODUCTS_DIR}/nanopb/nanopb.framework",
			);
			name = "[CP] Embed Pods Frameworks";
			outputFileListPaths = (
			);
			outputPaths = (
				"${TARGET_BUILD_DIR}/${FRAMEWORKS_FOLDER_PATH}/GTMSessionFetcher.framework",
				"${TARGET_BUILD_DIR}/${FRAMEWORKS_FOLDER_PATH}/GoogleUtilities.framework",
				"${TARGET_BUILD_DIR}/${FRAMEWORKS_FOLDER_PATH}/SDWebImage.framework",
				"${TARGET_BUILD_DIR}/${FRAMEWORKS_FOLDER_PATH}/Stripe.framework",
				"${TARGET_BUILD_DIR}/${FRAMEWORKS_FOLDER_PATH}/leveldb.framework",
				"${TARGET_BUILD_DIR}/${FRAMEWORKS_FOLDER_PATH}/nanopb.framework",
			);
			runOnlyForDeploymentPostprocessing = 0;
			shellPath = /bin/sh;
			shellScript = "\"${SRCROOT}/Pods/Target Support Files/Pods-kizou/Pods-kizou-frameworks.sh\"\n";
			showEnvVarsInLog = 0;
		};
/* End PBXShellScriptBuildPhase section */

/* Begin PBXSourcesBuildPhase section */
		5277153621F04E9800B50EDE /* Sources */ = {
			isa = PBXSourcesBuildPhase;
			buildActionMask = 2147483647;
			files = (
				520DA5D52218366900610E63 /* HomeViewController.swift in Sources */,
				5277154021F04E9800B50EDE /* MainTabBarController.swift in Sources */,
				5277153E21F04E9800B50EDE /* AppDelegate.swift in Sources */,
				520DA5CD2217F96500610E63 /* SearchViewController.swift in Sources */,
				520DA5DF221EEC8300610E63 /* ExplainViewController.swift in Sources */,
				520DA5C522153C7600610E63 /* ViewController2.swift in Sources */,
			);
			runOnlyForDeploymentPostprocessing = 0;
		};
		5277154A21F04E9A00B50EDE /* Sources */ = {
			isa = PBXSourcesBuildPhase;
			buildActionMask = 2147483647;
			files = (
				5277155321F04E9A00B50EDE /* kizouTests.swift in Sources */,
			);
			runOnlyForDeploymentPostprocessing = 0;
		};
		5277155521F04E9A00B50EDE /* Sources */ = {
			isa = PBXSourcesBuildPhase;
			buildActionMask = 2147483647;
			files = (
				5277155E21F04E9B00B50EDE /* kizouUITests.swift in Sources */,
			);
			runOnlyForDeploymentPostprocessing = 0;
		};
/* End PBXSourcesBuildPhase section */

/* Begin PBXTargetDependency section */
		5277155021F04E9A00B50EDE /* PBXTargetDependency */ = {
			isa = PBXTargetDependency;
			target = 5277153921F04E9800B50EDE /* kizou */;
			targetProxy = 5277154F21F04E9A00B50EDE /* PBXContainerItemProxy */;
		};
		5277155B21F04E9A00B50EDE /* PBXTargetDependency */ = {
			isa = PBXTargetDependency;
			target = 5277153921F04E9800B50EDE /* kizou */;
			targetProxy = 5277155A21F04E9A00B50EDE /* PBXContainerItemProxy */;
		};
/* End PBXTargetDependency section */

/* Begin PBXVariantGroup section */
		5277154121F04E9800B50EDE /* Main.storyboard */ = {
			isa = PBXVariantGroup;
			children = (
				5277154221F04E9800B50EDE /* Base */,
			);
			name = Main.storyboard;
			sourceTree = "<group>";
		};
		5277154621F04E9A00B50EDE /* LaunchScreen.storyboard */ = {
			isa = PBXVariantGroup;
			children = (
				5277154721F04E9A00B50EDE /* Base */,
			);
			name = LaunchScreen.storyboard;
			sourceTree = "<group>";
		};
/* End PBXVariantGroup section */

/* Begin XCBuildConfiguration section */
		5277156021F04E9B00B50EDE /* Debug */ = {
			isa = XCBuildConfiguration;
			buildSettings = {
				ALWAYS_SEARCH_USER_PATHS = NO;
				CLANG_ANALYZER_NONNULL = YES;
				CLANG_ANALYZER_NUMBER_OBJECT_CONVERSION = YES_AGGRESSIVE;
				CLANG_CXX_LANGUAGE_STANDARD = "gnu++14";
				CLANG_CXX_LIBRARY = "libc++";
				CLANG_ENABLE_MODULES = YES;
				CLANG_ENABLE_OBJC_ARC = YES;
				CLANG_ENABLE_OBJC_WEAK = YES;
				CLANG_WARN_BLOCK_CAPTURE_AUTORELEASING = YES;
				CLANG_WARN_BOOL_CONVERSION = YES;
				CLANG_WARN_COMMA = YES;
				CLANG_WARN_CONSTANT_CONVERSION = YES;
				CLANG_WARN_DEPRECATED_OBJC_IMPLEMENTATIONS = YES;
				CLANG_WARN_DIRECT_OBJC_ISA_USAGE = YES_ERROR;
				CLANG_WARN_DOCUMENTATION_COMMENTS = YES;
				CLANG_WARN_EMPTY_BODY = YES;
				CLANG_WARN_ENUM_CONVERSION = YES;
				CLANG_WARN_INFINITE_RECURSION = YES;
				CLANG_WARN_INT_CONVERSION = YES;
				CLANG_WARN_NON_LITERAL_NULL_CONVERSION = YES;
				CLANG_WARN_OBJC_IMPLICIT_RETAIN_SELF = YES;
				CLANG_WARN_OBJC_LITERAL_CONVERSION = YES;
				CLANG_WARN_OBJC_ROOT_CLASS = YES_ERROR;
				CLANG_WARN_RANGE_LOOP_ANALYSIS = YES;
				CLANG_WARN_STRICT_PROTOTYPES = YES;
				CLANG_WARN_SUSPICIOUS_MOVE = YES;
				CLANG_WARN_UNGUARDED_AVAILABILITY = YES_AGGRESSIVE;
				CLANG_WARN_UNREACHABLE_CODE = YES;
				CLANG_WARN__DUPLICATE_METHOD_MATCH = YES;
				CODE_SIGN_IDENTITY = "iPhone Developer";
				COPY_PHASE_STRIP = NO;
				DEBUG_INFORMATION_FORMAT = dwarf;
				ENABLE_STRICT_OBJC_MSGSEND = YES;
				ENABLE_TESTABILITY = YES;
				GCC_C_LANGUAGE_STANDARD = gnu11;
				GCC_DYNAMIC_NO_PIC = NO;
				GCC_NO_COMMON_BLOCKS = YES;
				GCC_OPTIMIZATION_LEVEL = 0;
				GCC_PREPROCESSOR_DEFINITIONS = (
					"DEBUG=1",
					"$(inherited)",
				);
				GCC_WARN_64_TO_32_BIT_CONVERSION = YES;
				GCC_WARN_ABOUT_RETURN_TYPE = YES_ERROR;
				GCC_WARN_UNDECLARED_SELECTOR = YES;
				GCC_WARN_UNINITIALIZED_AUTOS = YES_AGGRESSIVE;
				GCC_WARN_UNUSED_FUNCTION = YES;
				GCC_WARN_UNUSED_VARIABLE = YES;
				IPHONEOS_DEPLOYMENT_TARGET = 12.1;
				MTL_ENABLE_DEBUG_INFO = INCLUDE_SOURCE;
				MTL_FAST_MATH = YES;
				ONLY_ACTIVE_ARCH = YES;
				SDKROOT = iphoneos;
				SWIFT_ACTIVE_COMPILATION_CONDITIONS = DEBUG;
				SWIFT_OPTIMIZATION_LEVEL = "-Onone";
			};
			name = Debug;
		};
		5277156121F04E9B00B50EDE /* Release */ = {
			isa = XCBuildConfiguration;
			buildSettings = {
				ALWAYS_SEARCH_USER_PATHS = NO;
				CLANG_ANALYZER_NONNULL = YES;
				CLANG_ANALYZER_NUMBER_OBJECT_CONVERSION = YES_AGGRESSIVE;
				CLANG_CXX_LANGUAGE_STANDARD = "gnu++14";
				CLANG_CXX_LIBRARY = "libc++";
				CLANG_ENABLE_MODULES = YES;
				CLANG_ENABLE_OBJC_ARC = YES;
				CLANG_ENABLE_OBJC_WEAK = YES;
				CLANG_WARN_BLOCK_CAPTURE_AUTORELEASING = YES;
				CLANG_WARN_BOOL_CONVERSION = YES;
				CLANG_WARN_COMMA = YES;
				CLANG_WARN_CONSTANT_CONVERSION = YES;
				CLANG_WARN_DEPRECATED_OBJC_IMPLEMENTATIONS = YES;
				CLANG_WARN_DIRECT_OBJC_ISA_USAGE = YES_ERROR;
				CLANG_WARN_DOCUMENTATION_COMMENTS = YES;
				CLANG_WARN_EMPTY_BODY = YES;
				CLANG_WARN_ENUM_CONVERSION = YES;
				CLANG_WARN_INFINITE_RECURSION = YES;
				CLANG_WARN_INT_CONVERSION = YES;
				CLANG_WARN_NON_LITERAL_NULL_CONVERSION = YES;
				CLANG_WARN_OBJC_IMPLICIT_RETAIN_SELF = YES;
				CLANG_WARN_OBJC_LITERAL_CONVERSION = YES;
				CLANG_WARN_OBJC_ROOT_CLASS = YES_ERROR;
				CLANG_WARN_RANGE_LOOP_ANALYSIS = YES;
				CLANG_WARN_STRICT_PROTOTYPES = YES;
				CLANG_WARN_SUSPICIOUS_MOVE = YES;
				CLANG_WARN_UNGUARDED_AVAILABILITY = YES_AGGRESSIVE;
				CLANG_WARN_UNREACHABLE_CODE = YES;
				CLANG_WARN__DUPLICATE_METHOD_MATCH = YES;
				CODE_SIGN_IDENTITY = "iPhone Developer";
				COPY_PHASE_STRIP = NO;
				DEBUG_INFORMATION_FORMAT = "dwarf-with-dsym";
				ENABLE_NS_ASSERTIONS = NO;
				ENABLE_STRICT_OBJC_MSGSEND = YES;
				GCC_C_LANGUAGE_STANDARD = gnu11;
				GCC_NO_COMMON_BLOCKS = YES;
				GCC_WARN_64_TO_32_BIT_CONVERSION = YES;
				GCC_WARN_ABOUT_RETURN_TYPE = YES_ERROR;
				GCC_WARN_UNDECLARED_SELECTOR = YES;
				GCC_WARN_UNINITIALIZED_AUTOS = YES_AGGRESSIVE;
				GCC_WARN_UNUSED_FUNCTION = YES;
				GCC_WARN_UNUSED_VARIABLE = YES;
				IPHONEOS_DEPLOYMENT_TARGET = 12.1;
				MTL_ENABLE_DEBUG_INFO = NO;
				MTL_FAST_MATH = YES;
				SDKROOT = iphoneos;
				SWIFT_COMPILATION_MODE = wholemodule;
				SWIFT_OPTIMIZATION_LEVEL = "-O";
				VALIDATE_PRODUCT = YES;
			};
			name = Release;
		};
		5277156321F04E9B00B50EDE /* Debug */ = {
			isa = XCBuildConfiguration;
			baseConfigurationReference = AC217F56D6ADFE5DBB95BF25 /* Pods-kizou.debug.xcconfig */;
			buildSettings = {
				ASSETCATALOG_COMPILER_APPICON_NAME = AppIcon;
				CODE_SIGN_STYLE = Automatic;
				DEVELOPMENT_TEAM = 2XR67JHJ24;
				INFOPLIST_FILE = kizou/Info.plist;
				LD_RUNPATH_SEARCH_PATHS = (
					"$(inherited)",
					"@executable_path/Frameworks",
				);
				PRODUCT_BUNDLE_IDENTIFIER = com.kizou;
				PRODUCT_NAME = "$(TARGET_NAME)";
				SWIFT_VERSION = 4.2;
				TARGETED_DEVICE_FAMILY = "1,2";
			};
			name = Debug;
		};
		5277156421F04E9B00B50EDE /* Release */ = {
			isa = XCBuildConfiguration;
			baseConfigurationReference = 6BE6B2FFC65E4911D59254FA /* Pods-kizou.release.xcconfig */;
			buildSettings = {
				ASSETCATALOG_COMPILER_APPICON_NAME = AppIcon;
				CODE_SIGN_STYLE = Automatic;
				DEVELOPMENT_TEAM = 2XR67JHJ24;
				INFOPLIST_FILE = kizou/Info.plist;
				LD_RUNPATH_SEARCH_PATHS = (
					"$(inherited)",
					"@executable_path/Frameworks",
				);
				PRODUCT_BUNDLE_IDENTIFIER = com.kizou;
				PRODUCT_NAME = "$(TARGET_NAME)";
				SWIFT_VERSION = 4.2;
				TARGETED_DEVICE_FAMILY = "1,2";
			};
			name = Release;
		};
		5277156621F04E9B00B50EDE /* Debug */ = {
			isa = XCBuildConfiguration;
			baseConfigurationReference = E2235C88E772A3A4EB7D2BA3 /* Pods-kizouTests.debug.xcconfig */;
			buildSettings = {
				ALWAYS_EMBED_SWIFT_STANDARD_LIBRARIES = YES;
				BUNDLE_LOADER = "$(TEST_HOST)";
				CODE_SIGN_STYLE = Automatic;
				DEVELOPMENT_TEAM = 2XR67JHJ24;
				INFOPLIST_FILE = kizouTests/Info.plist;
				LD_RUNPATH_SEARCH_PATHS = (
					"$(inherited)",
					"@executable_path/Frameworks",
					"@loader_path/Frameworks",
				);
				PRODUCT_BUNDLE_IDENTIFIER = com.kizouTests;
				PRODUCT_NAME = "$(TARGET_NAME)";
				SWIFT_VERSION = 4.2;
				TARGETED_DEVICE_FAMILY = "1,2";
				TEST_HOST = "$(BUILT_PRODUCTS_DIR)/kizou.app/kizou";
			};
			name = Debug;
		};
		5277156721F04E9B00B50EDE /* Release */ = {
			isa = XCBuildConfiguration;
			baseConfigurationReference = CF2A409346933F1B7CF6A5EC /* Pods-kizouTests.release.xcconfig */;
			buildSettings = {
				ALWAYS_EMBED_SWIFT_STANDARD_LIBRARIES = YES;
				BUNDLE_LOADER = "$(TEST_HOST)";
				CODE_SIGN_STYLE = Automatic;
				DEVELOPMENT_TEAM = 2XR67JHJ24;
				INFOPLIST_FILE = kizouTests/Info.plist;
				LD_RUNPATH_SEARCH_PATHS = (
					"$(inherited)",
					"@executable_path/Frameworks",
					"@loader_path/Frameworks",
				);
				PRODUCT_BUNDLE_IDENTIFIER = com.kizouTests;
				PRODUCT_NAME = "$(TARGET_NAME)";
				SWIFT_VERSION = 4.2;
				TARGETED_DEVICE_FAMILY = "1,2";
				TEST_HOST = "$(BUILT_PRODUCTS_DIR)/kizou.app/kizou";
			};
			name = Release;
		};
		5277156921F04E9B00B50EDE /* Debug */ = {
			isa = XCBuildConfiguration;
			baseConfigurationReference = 24DED96393B9A6818560C22E /* Pods-kizouUITests.debug.xcconfig */;
			buildSettings = {
				ALWAYS_EMBED_SWIFT_STANDARD_LIBRARIES = YES;
				CODE_SIGN_STYLE = Automatic;
				DEVELOPMENT_TEAM = 2XR67JHJ24;
				INFOPLIST_FILE = kizouUITests/Info.plist;
				LD_RUNPATH_SEARCH_PATHS = (
					"$(inherited)",
					"@executable_path/Frameworks",
					"@loader_path/Frameworks",
				);
				PRODUCT_BUNDLE_IDENTIFIER = com.kizouUITests;
				PRODUCT_NAME = "$(TARGET_NAME)";
				SWIFT_VERSION = 4.2;
				TARGETED_DEVICE_FAMILY = "1,2";
				TEST_TARGET_NAME = kizou;
			};
			name = Debug;
		};
		5277156A21F04E9B00B50EDE /* Release */ = {
			isa = XCBuildConfiguration;
			baseConfigurationReference = 4AA86C110BD8EEFC72BD2FB6 /* Pods-kizouUITests.release.xcconfig */;
			buildSettings = {
				ALWAYS_EMBED_SWIFT_STANDARD_LIBRARIES = YES;
				CODE_SIGN_STYLE = Automatic;
				DEVELOPMENT_TEAM = 2XR67JHJ24;
				INFOPLIST_FILE = kizouUITests/Info.plist;
				LD_RUNPATH_SEARCH_PATHS = (
					"$(inherited)",
					"@executable_path/Frameworks",
					"@loader_path/Frameworks",
				);
				PRODUCT_BUNDLE_IDENTIFIER = com.kizouUITests;
				PRODUCT_NAME = "$(TARGET_NAME)";
				SWIFT_VERSION = 4.2;
				TARGETED_DEVICE_FAMILY = "1,2";
				TEST_TARGET_NAME = kizou;
			};
			name = Release;
		};
/* End XCBuildConfiguration section */

/* Begin XCConfigurationList section */
		5277153521F04E9800B50EDE /* Build configuration list for PBXProject "kizou" */ = {
			isa = XCConfigurationList;
			buildConfigurations = (
				5277156021F04E9B00B50EDE /* Debug */,
				5277156121F04E9B00B50EDE /* Release */,
			);
			defaultConfigurationIsVisible = 0;
			defaultConfigurationName = Release;
		};
		5277156221F04E9B00B50EDE /* Build configuration list for PBXNativeTarget "kizou" */ = {
			isa = XCConfigurationList;
			buildConfigurations = (
				5277156321F04E9B00B50EDE /* Debug */,
				5277156421F04E9B00B50EDE /* Release */,
			);
			defaultConfigurationIsVisible = 0;
			defaultConfigurationName = Release;
		};
		5277156521F04E9B00B50EDE /* Build configuration list for PBXNativeTarget "kizouTests" */ = {
			isa = XCConfigurationList;
			buildConfigurations = (
				5277156621F04E9B00B50EDE /* Debug */,
				5277156721F04E9B00B50EDE /* Release */,
			);
			defaultConfigurationIsVisible = 0;
			defaultConfigurationName = Release;
		};
		5277156821F04E9B00B50EDE /* Build configuration list for PBXNativeTarget "kizouUITests" */ = {
			isa = XCConfigurationList;
			buildConfigurations = (
				5277156921F04E9B00B50EDE /* Debug */,
				5277156A21F04E9B00B50EDE /* Release */,
			);
			defaultConfigurationIsVisible = 0;
			defaultConfigurationName = Release;
		};
/* End XCConfigurationList section */
	};
	rootObject = 5277153221F04E9800B50EDE /* Project object */;
}
